
Microsoft Visual Studio Solution File, Format Version 12.00
# Visual Studio Version 17
VisualStudioVersion = 17.4.33205.214
MinimumVisualStudioVersion = 10.0.40219.1
Project("{FAE04EC0-301F-11D3-BF4B-00C04F79EFBC}") = "lab 1", "lab 1\lab 1.csproj", "{ECBC939C-5D74-4F24-9F50-B3D8BF9383D7}"
EndProject
Global
	GlobalSection(SolutionConfigurationPlatforms) = preSolution
		Debug|Any CPU = Debug|Any CPU
		Release|Any CPU = Release|Any CPU
	EndGlobalSection
	GlobalSection(ProjectConfigurationPlatforms) = postSolution
		{ECBC939C-5D74-4F24-9F50-B3D8BF9383D7}.Debug|Any CPU.ActiveCfg = Debug|Any CPU
		{ECBC939C-5D74-4F24-9F50-B3D8BF9383D7}.Debug|Any CPU.Build.0 = Debug|Any CPU
		{ECBC939C-5D74-4F24-9F50-B3D8BF9383D7}.Release|Any CPU.ActiveCfg = Release|Any CPU
		{ECBC939C-5D74-4F24-9F50-B3D8BF9383D7}.Release|Any CPU.Build.0 = Release|Any CPU
	EndGlobalSection
	GlobalSection(SolutionProperties) = preSolution
		HideSolutionNode = FALSE
	EndGlobalSection
	GlobalSection(ExtensibilityGlobals) = postSolution
		SolutionGuid = {A5D04403-645C-4857-9AD9-B48EF7CBC591}
	EndGlobalSection
EndGlobal
