
Microsoft Visual Studio Solution File, Format Version 12.00
# Visual Studio Version 17
VisualStudioVersion = 17.4.33205.214
MinimumVisualStudioVersion = 10.0.40219.1
Project("{FAE04EC0-301F-11D3-BF4B-00C04F79EFBC}") = "Лабораторная работа № 1", "Лабораторная работа № 1\Лабораторная работа № 1.csproj", "{4DB92FAC-BD61-42D5-BAA3-3ADD6DCABFEE}"
EndProject
Global
	GlobalSection(SolutionConfigurationPlatforms) = preSolution
		Debug|Any CPU = Debug|Any CPU
		Release|Any CPU = Release|Any CPU
	EndGlobalSection
	GlobalSection(ProjectConfigurationPlatforms) = postSolution
		{4DB92FAC-BD61-42D5-BAA3-3ADD6DCABFEE}.Debug|Any CPU.ActiveCfg = Debug|Any CPU
		{4DB92FAC-BD61-42D5-BAA3-3ADD6DCABFEE}.Debug|Any CPU.Build.0 = Debug|Any CPU
		{4DB92FAC-BD61-42D5-BAA3-3ADD6DCABFEE}.Release|Any CPU.ActiveCfg = Release|Any CPU
		{4DB92FAC-BD61-42D5-BAA3-3ADD6DCABFEE}.Release|Any CPU.Build.0 = Release|Any CPU
	EndGlobalSection
	GlobalSection(SolutionProperties) = preSolution
		HideSolutionNode = FALSE
	EndGlobalSection
	GlobalSection(ExtensibilityGlobals) = postSolution
		SolutionGuid = {EB445D94-838A-4F6B-A0FC-44FDF471C281}
	EndGlobalSection
EndGlobal
